
Microsoft Visual Studio Solution File, Format Version 12.00
# Visual Studio Version 17
VisualStudioVersion = 17.0.31903.59
MinimumVisualStudioVersion = 10.0.40219.1
Project("{FAE04EC0-301F-11D3-BF4B-00C04F79EFBC}") = "API", "API\API.csproj", "{0038D824-8D2B-450E-85EA-CFDCF46AFE02}"
EndProject
Project("{FAE04EC0-301F-11D3-BF4B-00C04F79EFBC}") = "Application", "Application\Application.csproj", "{F4345EF3-E0FF-4B83-823E-CACA52D7D47A}"
EndProject
Project("{FAE04EC0-301F-11D3-BF4B-00C04F79EFBC}") = "Domain", "Domain\Domain.csproj", "{34698D75-CCC7-4408-94DB-C5EF71EBB6C4}"
EndProject
Project("{FAE04EC0-301F-11D3-BF4B-00C04F79EFBC}") = "Persistence", "Persistence\Persistence.csproj", "{4AFA6824-0A2A-4421-9AA3-53B08696A34D}"
EndProject
Project("{FAE04EC0-301F-11D3-BF4B-00C04F79EFBC}") = "Infrastructure", "Infrastructure\Infrastructure.csproj", "{96C0381C-A835-49C9-A785-955E58B12AE6}"
EndProject
Global
	GlobalSection(SolutionConfigurationPlatforms) = preSolution
		Debug|Any CPU = Debug|Any CPU
		Debug|x64 = Debug|x64
		Debug|x86 = Debug|x86
		Release|Any CPU = Release|Any CPU
		Release|x64 = Release|x64
		Release|x86 = Release|x86
	EndGlobalSection
	GlobalSection(ProjectConfigurationPlatforms) = postSolution
		{0038D824-8D2B-450E-85EA-CFDCF46AFE02}.Debug|Any CPU.ActiveCfg = Debug|Any CPU
		{0038D824-8D2B-450E-85EA-CFDCF46AFE02}.Debug|Any CPU.Build.0 = Debug|Any CPU
		{0038D824-8D2B-450E-85EA-CFDCF46AFE02}.Debug|x64.ActiveCfg = Debug|Any CPU
		{0038D824-8D2B-450E-85EA-CFDCF46AFE02}.Debug|x64.Build.0 = Debug|Any CPU
		{0038D824-8D2B-450E-85EA-CFDCF46AFE02}.Debug|x86.ActiveCfg = Debug|Any CPU
		{0038D824-8D2B-450E-85EA-CFDCF46AFE02}.Debug|x86.Build.0 = Debug|Any CPU
		{0038D824-8D2B-450E-85EA-CFDCF46AFE02}.Release|Any CPU.ActiveCfg = Release|Any CPU
		{0038D824-8D2B-450E-85EA-CFDCF46AFE02}.Release|Any CPU.Build.0 = Release|Any CPU
		{0038D824-8D2B-450E-85EA-CFDCF46AFE02}.Release|x64.ActiveCfg = Release|Any CPU
		{0038D824-8D2B-450E-85EA-CFDCF46AFE02}.Release|x64.Build.0 = Release|Any CPU
		{0038D824-8D2B-450E-85EA-CFDCF46AFE02}.Release|x86.ActiveCfg = Release|Any CPU
		{0038D824-8D2B-450E-85EA-CFDCF46AFE02}.Release|x86.Build.0 = Release|Any CPU
		{F4345EF3-E0FF-4B83-823E-CACA52D7D47A}.Debug|Any CPU.ActiveCfg = Debug|Any CPU
		{F4345EF3-E0FF-4B83-823E-CACA52D7D47A}.Debug|Any CPU.Build.0 = Debug|Any CPU
		{F4345EF3-E0FF-4B83-823E-CACA52D7D47A}.Debug|x64.ActiveCfg = Debug|Any CPU
		{F4345EF3-E0FF-4B83-823E-CACA52D7D47A}.Debug|x64.Build.0 = Debug|Any CPU
		{F4345EF3-E0FF-4B83-823E-CACA52D7D47A}.Debug|x86.ActiveCfg = Debug|Any CPU
		{F4345EF3-E0FF-4B83-823E-CACA52D7D47A}.Debug|x86.Build.0 = Debug|Any CPU
		{F4345EF3-E0FF-4B83-823E-CACA52D7D47A}.Release|Any CPU.ActiveCfg = Release|Any CPU
		{F4345EF3-E0FF-4B83-823E-CACA52D7D47A}.Release|Any CPU.Build.0 = Release|Any CPU
		{F4345EF3-E0FF-4B83-823E-CACA52D7D47A}.Release|x64.ActiveCfg = Release|Any CPU
		{F4345EF3-E0FF-4B83-823E-CACA52D7D47A}.Release|x64.Build.0 = Release|Any CPU
		{F4345EF3-E0FF-4B83-823E-CACA52D7D47A}.Release|x86.ActiveCfg = Release|Any CPU
		{F4345EF3-E0FF-4B83-823E-CACA52D7D47A}.Release|x86.Build.0 = Release|Any CPU
		{34698D75-CCC7-4408-94DB-C5EF71EBB6C4}.Debug|Any CPU.ActiveCfg = Debug|Any CPU
		{34698D75-CCC7-4408-94DB-C5EF71EBB6C4}.Debug|Any CPU.Build.0 = Debug|Any CPU
		{34698D75-CCC7-4408-94DB-C5EF71EBB6C4}.Debug|x64.ActiveCfg = Debug|Any CPU
		{34698D75-CCC7-4408-94DB-C5EF71EBB6C4}.Debug|x64.Build.0 = Debug|Any CPU
		{34698D75-CCC7-4408-94DB-C5EF71EBB6C4}.Debug|x86.ActiveCfg = Debug|Any CPU
		{34698D75-CCC7-4408-94DB-C5EF71EBB6C4}.Debug|x86.Build.0 = Debug|Any CPU
		{34698D75-CCC7-4408-94DB-C5EF71EBB6C4}.Release|Any CPU.ActiveCfg = Release|Any CPU
		{34698D75-CCC7-4408-94DB-C5EF71EBB6C4}.Release|Any CPU.Build.0 = Release|Any CPU
		{34698D75-CCC7-4408-94DB-C5EF71EBB6C4}.Release|x64.ActiveCfg = Release|Any CPU
		{34698D75-CCC7-4408-94DB-C5EF71EBB6C4}.Release|x64.Build.0 = Release|Any CPU
		{34698D75-CCC7-4408-94DB-C5EF71EBB6C4}.Release|x86.ActiveCfg = Release|Any CPU
		{34698D75-CCC7-4408-94DB-C5EF71EBB6C4}.Release|x86.Build.0 = Release|Any CPU
		{4AFA6824-0A2A-4421-9AA3-53B08696A34D}.Debug|Any CPU.ActiveCfg = Debug|Any CPU
		{4AFA6824-0A2A-4421-9AA3-53B08696A34D}.Debug|Any CPU.Build.0 = Debug|Any CPU
		{4AFA6824-0A2A-4421-9AA3-53B08696A34D}.Debug|x64.ActiveCfg = Debug|Any CPU
		{4AFA6824-0A2A-4421-9AA3-53B08696A34D}.Debug|x64.Build.0 = Debug|Any CPU
		{4AFA6824-0A2A-4421-9AA3-53B08696A34D}.Debug|x86.ActiveCfg = Debug|Any CPU
		{4AFA6824-0A2A-4421-9AA3-53B08696A34D}.Debug|x86.Build.0 = Debug|Any CPU
		{4AFA6824-0A2A-4421-9AA3-53B08696A34D}.Release|Any CPU.ActiveCfg = Release|Any CPU
		{4AFA6824-0A2A-4421-9AA3-53B08696A34D}.Release|Any CPU.Build.0 = Release|Any CPU
		{4AFA6824-0A2A-4421-9AA3-53B08696A34D}.Release|x64.ActiveCfg = Release|Any CPU
		{4AFA6824-0A2A-4421-9AA3-53B08696A34D}.Release|x64.Build.0 = Release|Any CPU
		{4AFA6824-0A2A-4421-9AA3-53B08696A34D}.Release|x86.ActiveCfg = Release|Any CPU
		{4AFA6824-0A2A-4421-9AA3-53B08696A34D}.Release|x86.Build.0 = Release|Any CPU
		{96C0381C-A835-49C9-A785-955E58B12AE6}.Debug|Any CPU.ActiveCfg = Debug|Any CPU
		{96C0381C-A835-49C9-A785-955E58B12AE6}.Debug|Any CPU.Build.0 = Debug|Any CPU
		{96C0381C-A835-49C9-A785-955E58B12AE6}.Debug|x64.ActiveCfg = Debug|Any CPU
		{96C0381C-A835-49C9-A785-955E58B12AE6}.Debug|x64.Build.0 = Debug|Any CPU
		{96C0381C-A835-49C9-A785-955E58B12AE6}.Debug|x86.ActiveCfg = Debug|Any CPU
		{96C0381C-A835-49C9-A785-955E58B12AE6}.Debug|x86.Build.0 = Debug|Any CPU
		{96C0381C-A835-49C9-A785-955E58B12AE6}.Release|Any CPU.ActiveCfg = Release|Any CPU
		{96C0381C-A835-49C9-A785-955E58B12AE6}.Release|Any CPU.Build.0 = Release|Any CPU
		{96C0381C-A835-49C9-A785-955E58B12AE6}.Release|x64.ActiveCfg = Release|Any CPU
		{96C0381C-A835-49C9-A785-955E58B12AE6}.Release|x64.Build.0 = Release|Any CPU
		{96C0381C-A835-49C9-A785-955E58B12AE6}.Release|x86.ActiveCfg = Release|Any CPU
		{96C0381C-A835-49C9-A785-955E58B12AE6}.Release|x86.Build.0 = Release|Any CPU
	EndGlobalSection
	GlobalSection(SolutionProperties) = preSolution
		HideSolutionNode = FALSE
	EndGlobalSection
EndGlobal
